
Microsoft Visual Studio Solution File, Format Version 12.00
# Visual Studio Version 17
VisualStudioVersion = 17.9.34728.123
MinimumVisualStudioVersion = 10.0.40219.1
Project("{FAE04EC0-301F-11D3-BF4B-00C04F79EFBC}") = "web-service", "web-service.csproj", "{3A235344-F3E3-4205-BA16-E0956FE72FA0}"
EndProject
Global
	GlobalSection(SolutionConfigurationPlatforms) = preSolution
		Debug|Any CPU = Debug|Any CPU
		Release|Any CPU = Release|Any CPU
	EndGlobalSection
	GlobalSection(ProjectConfigurationPlatforms) = postSolution
		{3A235344-F3E3-4205-BA16-E0956FE72FA0}.Debug|Any CPU.ActiveCfg = Debug|Any CPU
		{3A235344-F3E3-4205-BA16-E0956FE72FA0}.Debug|Any CPU.Build.0 = Debug|Any CPU
		{3A235344-F3E3-4205-BA16-E0956FE72FA0}.Release|Any CPU.ActiveCfg = Release|Any CPU
		{3A235344-F3E3-4205-BA16-E0956FE72FA0}.Release|Any CPU.Build.0 = Release|Any CPU
	EndGlobalSection
	GlobalSection(SolutionProperties) = preSolution
		HideSolutionNode = FALSE
	EndGlobalSection
	GlobalSection(ExtensibilityGlobals) = postSolution
		SolutionGuid = {03B92368-8664-4C3C-854D-A2B5FF646985}
	EndGlobalSection
EndGlobal
